
Microsoft Visual Studio Solution File, Format Version 12.00
# Visual Studio Version 16
VisualStudioVersion = 16.0.29230.47
MinimumVisualStudioVersion = 10.0.40219.1
Project("{FAE04EC0-301F-11D3-BF4B-00C04F79EFBC}") = "Unifiedban.Terminal", "Unifiedban.Terminal\Unifiedban.Terminal.csproj", "{898077BC-2DE6-4476-94A2-77B3D7061287}"
EndProject
Global
	GlobalSection(SolutionConfigurationPlatforms) = preSolution
		Debug|Any CPU = Debug|Any CPU
		Release|Any CPU = Release|Any CPU
	EndGlobalSection
	GlobalSection(ProjectConfigurationPlatforms) = postSolution
		{898077BC-2DE6-4476-94A2-77B3D7061287}.Debug|Any CPU.ActiveCfg = Debug|Any CPU
		{898077BC-2DE6-4476-94A2-77B3D7061287}.Debug|Any CPU.Build.0 = Debug|Any CPU
		{898077BC-2DE6-4476-94A2-77B3D7061287}.Release|Any CPU.ActiveCfg = Release|Any CPU
		{898077BC-2DE6-4476-94A2-77B3D7061287}.Release|Any CPU.Build.0 = Release|Any CPU
	EndGlobalSection
	GlobalSection(SolutionProperties) = preSolution
		HideSolutionNode = FALSE
	EndGlobalSection
	GlobalSection(ExtensibilityGlobals) = postSolution
		SolutionGuid = {3601356B-5EB8-4435-B5D4-2E04FED8286D}
	EndGlobalSection
EndGlobal
